
Microsoft Visual Studio Solution File, Format Version 12.00
# Visual Studio Version 16
VisualStudioVersion = 16.0.30204.135
MinimumVisualStudioVersion = 10.0.40219.1
Project("{FAE04EC0-301F-11D3-BF4B-00C04F79EFBC}") = "GenericPrac", "GenericPrac\GenericPrac.csproj", "{A222E634-DF4C-4610-9BDC-4818C2B4269C}"
EndProject
Global
	GlobalSection(SolutionConfigurationPlatforms) = preSolution
		Debug|Any CPU = Debug|Any CPU
		Release|Any CPU = Release|Any CPU
	EndGlobalSection
	GlobalSection(ProjectConfigurationPlatforms) = postSolution
		{A222E634-DF4C-4610-9BDC-4818C2B4269C}.Debug|Any CPU.ActiveCfg = Debug|Any CPU
		{A222E634-DF4C-4610-9BDC-4818C2B4269C}.Debug|Any CPU.Build.0 = Debug|Any CPU
		{A222E634-DF4C-4610-9BDC-4818C2B4269C}.Release|Any CPU.ActiveCfg = Release|Any CPU
		{A222E634-DF4C-4610-9BDC-4818C2B4269C}.Release|Any CPU.Build.0 = Release|Any CPU
	EndGlobalSection
	GlobalSection(SolutionProperties) = preSolution
		HideSolutionNode = FALSE
	EndGlobalSection
	GlobalSection(ExtensibilityGlobals) = postSolution
		SolutionGuid = {8F849ED9-473F-4E24-B709-0AA15CD4B61B}
	EndGlobalSection
EndGlobal
